
Microsoft Visual Studio Solution File, Format Version 12.00
# Visual Studio Version 16
VisualStudioVersion = 16.0.30320.27
MinimumVisualStudioVersion = 10.0.40219.1
Project("{2150E333-8FDC-42A3-9474-1A3956D46DE8}") = "1.- Domain", "1.- Domain", "{7F11E2C3-0C4B-4D6B-B5B8-B9968F808721}"
EndProject
Project("{2150E333-8FDC-42A3-9474-1A3956D46DE8}") = "Entities", "Entities", "{A017EB3B-4C76-448E-8B55-B4485094DD94}"
EndProject
Project("{9A19103F-16F7-4668-BE54-9A1E7A4F7556}") = "ACI.Domain.Entities", "ACI.Domain.Entities\ACI.Domain.Entities.csproj", "{3E7C8D34-E41B-4ED1-B4A0-F494FB6CFDD7}"
EndProject
Project("{9A19103F-16F7-4668-BE54-9A1E7A4F7556}") = "ACI.Domain.Entities.Tests", "ACI.Domain.Entities.Tests\ACI.Domain.Entities.Tests.csproj", "{D5D68ED7-06E4-4774-97B4-53640457319E}"
EndProject
Project("{2150E333-8FDC-42A3-9474-1A3956D46DE8}") = "2.- Infrastructure", "2.- Infrastructure", "{9F0431E0-2130-4B27-A1FB-F3F24FF69FF7}"
EndProject
Project("{2150E333-8FDC-42A3-9474-1A3956D46DE8}") = "CrossCutting", "CrossCutting", "{6E291FD6-5E14-4622-8188-1A2A0AE7A773}"
EndProject
Project("{2150E333-8FDC-42A3-9474-1A3956D46DE8}") = "Logging", "Logging", "{3368677A-AD4E-4562-AFB4-19E28B8D18BA}"
EndProject
Project("{2150E333-8FDC-42A3-9474-1A3956D46DE8}") = "Identity", "Identity", "{F2CFA740-2E9E-4D68-AE6C-64056B9717A4}"
EndProject
Project("{9A19103F-16F7-4668-BE54-9A1E7A4F7556}") = "ACI.Infrastructure.CrossCutting.Identity.Contracts", "ACI.Infrastructure.CrossCutting.Identity.Contracts\ACI.Infrastructure.CrossCutting.Identity.Contracts.csproj", "{7580CC5C-BDE4-4FD4-A467-A1681FCEEFD8}"
EndProject
Project("{2150E333-8FDC-42A3-9474-1A3956D46DE8}") = "Contracts", "Contracts", "{92E0B748-0CD6-4C24-AF77-04D3E13CA992}"
EndProject
Project("{2150E333-8FDC-42A3-9474-1A3956D46DE8}") = "Data", "Data", "{AE2E8AD6-0390-4A65-9018-7B999D54973F}"
EndProject
Project("{2150E333-8FDC-42A3-9474-1A3956D46DE8}") = "Identity", "Identity", "{581967AE-121D-41FC-9544-DED4B5C31AF6}"
EndProject
Project("{9A19103F-16F7-4668-BE54-9A1E7A4F7556}") = "ACI.Infrastructure.Data.Identity", "ACI.Infrastructure.Data.Identity\ACI.Infrastructure.Data.Identity.csproj", "{3D133167-173C-479C-8F25-F006A0780CB5}"
EndProject
Project("{9A19103F-16F7-4668-BE54-9A1E7A4F7556}") = "ACI.Infrastructure.CrossCutting.Logging", "ACI.Infrastructure.CrossCutting.Logging\ACI.Infrastructure.CrossCutting.Logging.csproj", "{D4D0BAA4-60F9-47D2-8156-901DC364FB75}"
EndProject
Project("{9A19103F-16F7-4668-BE54-9A1E7A4F7556}") = "ACI.Infrastructure.Data.Identity.Tests", "ACI.Infrastructure.Data.Identity.Tests\ACI.Infrastructure.Data.Identity.Tests.csproj", "{20121188-6EC0-448A-9FD8-CF46EC91F33B}"
EndProject
Project("{2150E333-8FDC-42A3-9474-1A3956D46DE8}") = "3.- Application", "3.- Application", "{A47821C1-D2D6-48DF-A9CC-5FA4807611D6}"
EndProject
Project("{2150E333-8FDC-42A3-9474-1A3956D46DE8}") = "Identity", "Identity", "{DDFF1516-48ED-4234-A5DA-4C1156C58E04}"
EndProject
Project("{2150E333-8FDC-42A3-9474-1A3956D46DE8}") = "Contracts", "Contracts", "{A5ECB244-223C-4CA9-971E-E40610D45950}"
EndProject
Project("{2150E333-8FDC-42A3-9474-1A3956D46DE8}") = "Services", "Services", "{D02755B3-4D12-4D13-A11C-B96F73AB48FA}"
EndProject
Project("{2150E333-8FDC-42A3-9474-1A3956D46DE8}") = "Services", "Services", "{4B495F35-5EA2-4F3B-87D1-52085B2D23F2}"
EndProject
Project("{2150E333-8FDC-42A3-9474-1A3956D46DE8}") = "DTOs", "DTOs", "{C283FB31-951D-4E93-A7B8-F40D219FD5EF}"
EndProject
Project("{9A19103F-16F7-4668-BE54-9A1E7A4F7556}") = "ACI.Application.Identity.DTOs", "ACI.Application.Identity.DTOs\ACI.Application.Identity.DTOs.csproj", "{7A4EB410-3FBB-48C1-B4B7-C833DC16C857}"
EndProject
Project("{9A19103F-16F7-4668-BE54-9A1E7A4F7556}") = "ACI.Application.Identity.Contracts.Services", "ACI.Application.Identity.Contracts.Services\ACI.Application.Identity.Contracts.Services.csproj", "{4A6B46FD-B3AB-4FCE-AC7A-3A310A6338C5}"
EndProject
Project("{9A19103F-16F7-4668-BE54-9A1E7A4F7556}") = "ACI.Application.Identity.Services", "ACI.Application.Identity.Services\ACI.Application.Identity.Services.csproj", "{599ABE78-9BF3-4C0B-AD40-40AEC13F123F}"
EndProject
Project("{9A19103F-16F7-4668-BE54-9A1E7A4F7556}") = "ACI.Application.Identity.Services.Tests", "ACI.Application.Identity.Services.Tests\ACI.Application.Identity.Services.Tests.csproj", "{DC4F1777-73D7-427F-AC2F-B753989A75DA}"
EndProject
Project("{2150E333-8FDC-42A3-9474-1A3956D46DE8}") = "Services", "Services", "{5DF1FC1E-B9F6-4D42-9451-4EB5251356DA}"
EndProject
Project("{9A19103F-16F7-4668-BE54-9A1E7A4F7556}") = "ACI.Infrastructure.CrossCutting.Identity.Services", "ACI.Infrastructure.CrossCutting.Identity.Services\ACI.Infrastructure.CrossCutting.Identity.Services.csproj", "{5F942478-E6F2-40FB-9DA4-8A1F32CE7591}"
EndProject
Project("{9A19103F-16F7-4668-BE54-9A1E7A4F7556}") = "ACI.Infrastructure.CrossCutting.Identity.Services.Tests", "ACI.Infrastructure.CrossCutting.Identity.Services.Tests\ACI.Infrastructure.CrossCutting.Identity.Services.Tests.csproj", "{A8098D72-968E-41ED-B174-A1622C545A29}"
EndProject
Project("{9A19103F-16F7-4668-BE54-9A1E7A4F7556}") = "ACI.Infrastructure.CrossCutting.Logging.Tests", "ACI.Infrastructure.CrossCutting.Logging.Tests\ACI.Infrastructure.CrossCutting.Logging.Tests.csproj", "{DF050E97-AA41-405F-AE56-9CB80601BEAB}"
EndProject
Project("{2150E333-8FDC-42A3-9474-1A3956D46DE8}") = "4.- Presentation", "4.- Presentation", "{EBEE82F3-B769-4FA0-8461-DB6565832AC5}"
EndProject
Project("{FAE04EC0-301F-11D3-BF4B-00C04F79EFBC}") = "ACI.Presentation.Web", "ACI.Presentation.Web\ACI.Presentation.Web.csproj", "{0E4B3E59-FD4E-403C-8D2F-08FB909BD74A}"
EndProject
Project("{2150E333-8FDC-42A3-9474-1A3956D46DE8}") = "Security", "Security", "{6120948D-2ACE-498D-BBF2-D8BB84D3F86A}"
EndProject
Project("{FAE04EC0-301F-11D3-BF4B-00C04F79EFBC}") = "ACI.Infrastructure.CrossCutting.Security", "ACI.Infrastructure.CrossCutting.Security\ACI.Infrastructure.CrossCutting.Security.csproj", "{75C2C1BD-1B0C-4E1E-8336-4033671BDA93}"
EndProject
Global
	GlobalSection(SolutionConfigurationPlatforms) = preSolution
		Debug|Any CPU = Debug|Any CPU
		Release|Any CPU = Release|Any CPU
	EndGlobalSection
	GlobalSection(ProjectConfigurationPlatforms) = postSolution
		{3E7C8D34-E41B-4ED1-B4A0-F494FB6CFDD7}.Debug|Any CPU.ActiveCfg = Debug|Any CPU
		{3E7C8D34-E41B-4ED1-B4A0-F494FB6CFDD7}.Debug|Any CPU.Build.0 = Debug|Any CPU
		{3E7C8D34-E41B-4ED1-B4A0-F494FB6CFDD7}.Release|Any CPU.ActiveCfg = Release|Any CPU
		{3E7C8D34-E41B-4ED1-B4A0-F494FB6CFDD7}.Release|Any CPU.Build.0 = Release|Any CPU
		{D5D68ED7-06E4-4774-97B4-53640457319E}.Debug|Any CPU.ActiveCfg = Debug|Any CPU
		{D5D68ED7-06E4-4774-97B4-53640457319E}.Debug|Any CPU.Build.0 = Debug|Any CPU
		{D5D68ED7-06E4-4774-97B4-53640457319E}.Release|Any CPU.ActiveCfg = Release|Any CPU
		{D5D68ED7-06E4-4774-97B4-53640457319E}.Release|Any CPU.Build.0 = Release|Any CPU
		{7580CC5C-BDE4-4FD4-A467-A1681FCEEFD8}.Debug|Any CPU.ActiveCfg = Debug|Any CPU
		{7580CC5C-BDE4-4FD4-A467-A1681FCEEFD8}.Debug|Any CPU.Build.0 = Debug|Any CPU
		{7580CC5C-BDE4-4FD4-A467-A1681FCEEFD8}.Release|Any CPU.ActiveCfg = Release|Any CPU
		{7580CC5C-BDE4-4FD4-A467-A1681FCEEFD8}.Release|Any CPU.Build.0 = Release|Any CPU
		{3D133167-173C-479C-8F25-F006A0780CB5}.Debug|Any CPU.ActiveCfg = Debug|Any CPU
		{3D133167-173C-479C-8F25-F006A0780CB5}.Debug|Any CPU.Build.0 = Debug|Any CPU
		{3D133167-173C-479C-8F25-F006A0780CB5}.Release|Any CPU.ActiveCfg = Release|Any CPU
		{3D133167-173C-479C-8F25-F006A0780CB5}.Release|Any CPU.Build.0 = Release|Any CPU
		{D4D0BAA4-60F9-47D2-8156-901DC364FB75}.Debug|Any CPU.ActiveCfg = Debug|Any CPU
		{D4D0BAA4-60F9-47D2-8156-901DC364FB75}.Debug|Any CPU.Build.0 = Debug|Any CPU
		{D4D0BAA4-60F9-47D2-8156-901DC364FB75}.Release|Any CPU.ActiveCfg = Release|Any CPU
		{D4D0BAA4-60F9-47D2-8156-901DC364FB75}.Release|Any CPU.Build.0 = Release|Any CPU
		{20121188-6EC0-448A-9FD8-CF46EC91F33B}.Debug|Any CPU.ActiveCfg = Debug|Any CPU
		{20121188-6EC0-448A-9FD8-CF46EC91F33B}.Debug|Any CPU.Build.0 = Debug|Any CPU
		{20121188-6EC0-448A-9FD8-CF46EC91F33B}.Release|Any CPU.ActiveCfg = Release|Any CPU
		{20121188-6EC0-448A-9FD8-CF46EC91F33B}.Release|Any CPU.Build.0 = Release|Any CPU
		{7A4EB410-3FBB-48C1-B4B7-C833DC16C857}.Debug|Any CPU.ActiveCfg = Debug|Any CPU
		{7A4EB410-3FBB-48C1-B4B7-C833DC16C857}.Debug|Any CPU.Build.0 = Debug|Any CPU
		{7A4EB410-3FBB-48C1-B4B7-C833DC16C857}.Release|Any CPU.ActiveCfg = Release|Any CPU
		{7A4EB410-3FBB-48C1-B4B7-C833DC16C857}.Release|Any CPU.Build.0 = Release|Any CPU
		{4A6B46FD-B3AB-4FCE-AC7A-3A310A6338C5}.Debug|Any CPU.ActiveCfg = Debug|Any CPU
		{4A6B46FD-B3AB-4FCE-AC7A-3A310A6338C5}.Debug|Any CPU.Build.0 = Debug|Any CPU
		{4A6B46FD-B3AB-4FCE-AC7A-3A310A6338C5}.Release|Any CPU.ActiveCfg = Release|Any CPU
		{4A6B46FD-B3AB-4FCE-AC7A-3A310A6338C5}.Release|Any CPU.Build.0 = Release|Any CPU
		{599ABE78-9BF3-4C0B-AD40-40AEC13F123F}.Debug|Any CPU.ActiveCfg = Debug|Any CPU
		{599ABE78-9BF3-4C0B-AD40-40AEC13F123F}.Debug|Any CPU.Build.0 = Debug|Any CPU
		{599ABE78-9BF3-4C0B-AD40-40AEC13F123F}.Release|Any CPU.ActiveCfg = Release|Any CPU
		{599ABE78-9BF3-4C0B-AD40-40AEC13F123F}.Release|Any CPU.Build.0 = Release|Any CPU
		{DC4F1777-73D7-427F-AC2F-B753989A75DA}.Debug|Any CPU.ActiveCfg = Debug|Any CPU
		{DC4F1777-73D7-427F-AC2F-B753989A75DA}.Debug|Any CPU.Build.0 = Debug|Any CPU
		{DC4F1777-73D7-427F-AC2F-B753989A75DA}.Release|Any CPU.ActiveCfg = Release|Any CPU
		{DC4F1777-73D7-427F-AC2F-B753989A75DA}.Release|Any CPU.Build.0 = Release|Any CPU
		{5F942478-E6F2-40FB-9DA4-8A1F32CE7591}.Debug|Any CPU.ActiveCfg = Debug|Any CPU
		{5F942478-E6F2-40FB-9DA4-8A1F32CE7591}.Debug|Any CPU.Build.0 = Debug|Any CPU
		{5F942478-E6F2-40FB-9DA4-8A1F32CE7591}.Release|Any CPU.ActiveCfg = Release|Any CPU
		{5F942478-E6F2-40FB-9DA4-8A1F32CE7591}.Release|Any CPU.Build.0 = Release|Any CPU
		{A8098D72-968E-41ED-B174-A1622C545A29}.Debug|Any CPU.ActiveCfg = Debug|Any CPU
		{A8098D72-968E-41ED-B174-A1622C545A29}.Debug|Any CPU.Build.0 = Debug|Any CPU
		{A8098D72-968E-41ED-B174-A1622C545A29}.Release|Any CPU.ActiveCfg = Release|Any CPU
		{A8098D72-968E-41ED-B174-A1622C545A29}.Release|Any CPU.Build.0 = Release|Any CPU
		{DF050E97-AA41-405F-AE56-9CB80601BEAB}.Debug|Any CPU.ActiveCfg = Debug|Any CPU
		{DF050E97-AA41-405F-AE56-9CB80601BEAB}.Debug|Any CPU.Build.0 = Debug|Any CPU
		{DF050E97-AA41-405F-AE56-9CB80601BEAB}.Release|Any CPU.ActiveCfg = Release|Any CPU
		{DF050E97-AA41-405F-AE56-9CB80601BEAB}.Release|Any CPU.Build.0 = Release|Any CPU
		{0E4B3E59-FD4E-403C-8D2F-08FB909BD74A}.Debug|Any CPU.ActiveCfg = Debug|Any CPU
		{0E4B3E59-FD4E-403C-8D2F-08FB909BD74A}.Debug|Any CPU.Build.0 = Debug|Any CPU
		{0E4B3E59-FD4E-403C-8D2F-08FB909BD74A}.Release|Any CPU.ActiveCfg = Release|Any CPU
		{0E4B3E59-FD4E-403C-8D2F-08FB909BD74A}.Release|Any CPU.Build.0 = Release|Any CPU
		{75C2C1BD-1B0C-4E1E-8336-4033671BDA93}.Debug|Any CPU.ActiveCfg = Debug|Any CPU
		{75C2C1BD-1B0C-4E1E-8336-4033671BDA93}.Debug|Any CPU.Build.0 = Debug|Any CPU
		{75C2C1BD-1B0C-4E1E-8336-4033671BDA93}.Release|Any CPU.ActiveCfg = Release|Any CPU
		{75C2C1BD-1B0C-4E1E-8336-4033671BDA93}.Release|Any CPU.Build.0 = Release|Any CPU
	EndGlobalSection
	GlobalSection(SolutionProperties) = preSolution
		HideSolutionNode = FALSE
	EndGlobalSection
	GlobalSection(NestedProjects) = preSolution
		{A017EB3B-4C76-448E-8B55-B4485094DD94} = {7F11E2C3-0C4B-4D6B-B5B8-B9968F808721}
		{3E7C8D34-E41B-4ED1-B4A0-F494FB6CFDD7} = {A017EB3B-4C76-448E-8B55-B4485094DD94}
		{D5D68ED7-06E4-4774-97B4-53640457319E} = {A017EB3B-4C76-448E-8B55-B4485094DD94}
		{6E291FD6-5E14-4622-8188-1A2A0AE7A773} = {9F0431E0-2130-4B27-A1FB-F3F24FF69FF7}
		{3368677A-AD4E-4562-AFB4-19E28B8D18BA} = {6E291FD6-5E14-4622-8188-1A2A0AE7A773}
		{F2CFA740-2E9E-4D68-AE6C-64056B9717A4} = {6E291FD6-5E14-4622-8188-1A2A0AE7A773}
		{7580CC5C-BDE4-4FD4-A467-A1681FCEEFD8} = {92E0B748-0CD6-4C24-AF77-04D3E13CA992}
		{92E0B748-0CD6-4C24-AF77-04D3E13CA992} = {F2CFA740-2E9E-4D68-AE6C-64056B9717A4}
		{AE2E8AD6-0390-4A65-9018-7B999D54973F} = {9F0431E0-2130-4B27-A1FB-F3F24FF69FF7}
		{581967AE-121D-41FC-9544-DED4B5C31AF6} = {AE2E8AD6-0390-4A65-9018-7B999D54973F}
		{3D133167-173C-479C-8F25-F006A0780CB5} = {581967AE-121D-41FC-9544-DED4B5C31AF6}
		{D4D0BAA4-60F9-47D2-8156-901DC364FB75} = {3368677A-AD4E-4562-AFB4-19E28B8D18BA}
		{20121188-6EC0-448A-9FD8-CF46EC91F33B} = {581967AE-121D-41FC-9544-DED4B5C31AF6}
		{DDFF1516-48ED-4234-A5DA-4C1156C58E04} = {A47821C1-D2D6-48DF-A9CC-5FA4807611D6}
		{A5ECB244-223C-4CA9-971E-E40610D45950} = {DDFF1516-48ED-4234-A5DA-4C1156C58E04}
		{D02755B3-4D12-4D13-A11C-B96F73AB48FA} = {A5ECB244-223C-4CA9-971E-E40610D45950}
		{4B495F35-5EA2-4F3B-87D1-52085B2D23F2} = {DDFF1516-48ED-4234-A5DA-4C1156C58E04}
		{C283FB31-951D-4E93-A7B8-F40D219FD5EF} = {DDFF1516-48ED-4234-A5DA-4C1156C58E04}
		{7A4EB410-3FBB-48C1-B4B7-C833DC16C857} = {C283FB31-951D-4E93-A7B8-F40D219FD5EF}
		{4A6B46FD-B3AB-4FCE-AC7A-3A310A6338C5} = {D02755B3-4D12-4D13-A11C-B96F73AB48FA}
		{599ABE78-9BF3-4C0B-AD40-40AEC13F123F} = {4B495F35-5EA2-4F3B-87D1-52085B2D23F2}
		{DC4F1777-73D7-427F-AC2F-B753989A75DA} = {4B495F35-5EA2-4F3B-87D1-52085B2D23F2}
		{5DF1FC1E-B9F6-4D42-9451-4EB5251356DA} = {F2CFA740-2E9E-4D68-AE6C-64056B9717A4}
		{5F942478-E6F2-40FB-9DA4-8A1F32CE7591} = {5DF1FC1E-B9F6-4D42-9451-4EB5251356DA}
		{A8098D72-968E-41ED-B174-A1622C545A29} = {5DF1FC1E-B9F6-4D42-9451-4EB5251356DA}
		{DF050E97-AA41-405F-AE56-9CB80601BEAB} = {3368677A-AD4E-4562-AFB4-19E28B8D18BA}
		{0E4B3E59-FD4E-403C-8D2F-08FB909BD74A} = {EBEE82F3-B769-4FA0-8461-DB6565832AC5}
		{6120948D-2ACE-498D-BBF2-D8BB84D3F86A} = {6E291FD6-5E14-4622-8188-1A2A0AE7A773}
		{75C2C1BD-1B0C-4E1E-8336-4033671BDA93} = {6120948D-2ACE-498D-BBF2-D8BB84D3F86A}
	EndGlobalSection
	GlobalSection(ExtensibilityGlobals) = postSolution
		SolutionGuid = {5A21C28B-1436-420F-9975-7C8FDDE7883F}
	EndGlobalSection
EndGlobal
